
Microsoft Visual Studio Solution File, Format Version 12.00
# Visual Studio Version 17
VisualStudioVersion = 17.2.32505.173
MinimumVisualStudioVersion = 10.0.40219.1
Project("{FAE04EC0-301F-11D3-BF4B-00C04F79EFBC}") = "AllupProject", "AllupProject\AllupProject.csproj", "{0BADD33D-FB34-4F73-BAC1-08C11A9C5C1C}"
EndProject
Global
	GlobalSection(SolutionConfigurationPlatforms) = preSolution
		Debug|Any CPU = Debug|Any CPU
		Release|Any CPU = Release|Any CPU
	EndGlobalSection
	GlobalSection(ProjectConfigurationPlatforms) = postSolution
		{0BADD33D-FB34-4F73-BAC1-08C11A9C5C1C}.Debug|Any CPU.ActiveCfg = Debug|Any CPU
		{0BADD33D-FB34-4F73-BAC1-08C11A9C5C1C}.Debug|Any CPU.Build.0 = Debug|Any CPU
		{0BADD33D-FB34-4F73-BAC1-08C11A9C5C1C}.Release|Any CPU.ActiveCfg = Release|Any CPU
		{0BADD33D-FB34-4F73-BAC1-08C11A9C5C1C}.Release|Any CPU.Build.0 = Release|Any CPU
	EndGlobalSection
	GlobalSection(SolutionProperties) = preSolution
		HideSolutionNode = FALSE
	EndGlobalSection
	GlobalSection(ExtensibilityGlobals) = postSolution
		SolutionGuid = {C2F7774B-9DEC-414A-85E0-7F3E4CD5A4EB}
	EndGlobalSection
EndGlobal
